
Microsoft Visual Studio Solution File, Format Version 12.00
# Visual Studio Version 17
VisualStudioVersion = 17.5.33530.505
MinimumVisualStudioVersion = 10.0.40219.1
Project("{FAE04EC0-301F-11D3-BF4B-00C04F79EFBC}") = "Custom", "LinkedLisst\Custom.csproj", "{C490B776-7F47-4E53-AE1B-85B3018CAE62}"
EndProject
Project("{FAE04EC0-301F-11D3-BF4B-00C04F79EFBC}") = "LinkedList", "Node\LinkedList.csproj", "{85A8D5B1-7389-472F-91E7-3A43CDC22807}"
EndProject
Project("{FAE04EC0-301F-11D3-BF4B-00C04F79EFBC}") = "StackQueueDeque", "StackQueueDequeue\StackQueueDeque.csproj", "{6DDCA0EC-527F-4BEC-B3B8-7C6244424D04}"
EndProject
Global
	GlobalSection(SolutionConfigurationPlatforms) = preSolution
		Debug|Any CPU = Debug|Any CPU
		Release|Any CPU = Release|Any CPU
	EndGlobalSection
	GlobalSection(ProjectConfigurationPlatforms) = postSolution
		{C490B776-7F47-4E53-AE1B-85B3018CAE62}.Debug|Any CPU.ActiveCfg = Debug|Any CPU
		{C490B776-7F47-4E53-AE1B-85B3018CAE62}.Debug|Any CPU.Build.0 = Debug|Any CPU
		{C490B776-7F47-4E53-AE1B-85B3018CAE62}.Release|Any CPU.ActiveCfg = Release|Any CPU
		{C490B776-7F47-4E53-AE1B-85B3018CAE62}.Release|Any CPU.Build.0 = Release|Any CPU
		{85A8D5B1-7389-472F-91E7-3A43CDC22807}.Debug|Any CPU.ActiveCfg = Debug|Any CPU
		{85A8D5B1-7389-472F-91E7-3A43CDC22807}.Debug|Any CPU.Build.0 = Debug|Any CPU
		{85A8D5B1-7389-472F-91E7-3A43CDC22807}.Release|Any CPU.ActiveCfg = Release|Any CPU
		{85A8D5B1-7389-472F-91E7-3A43CDC22807}.Release|Any CPU.Build.0 = Release|Any CPU
		{6DDCA0EC-527F-4BEC-B3B8-7C6244424D04}.Debug|Any CPU.ActiveCfg = Debug|Any CPU
		{6DDCA0EC-527F-4BEC-B3B8-7C6244424D04}.Debug|Any CPU.Build.0 = Debug|Any CPU
		{6DDCA0EC-527F-4BEC-B3B8-7C6244424D04}.Release|Any CPU.ActiveCfg = Release|Any CPU
		{6DDCA0EC-527F-4BEC-B3B8-7C6244424D04}.Release|Any CPU.Build.0 = Release|Any CPU
	EndGlobalSection
	GlobalSection(SolutionProperties) = preSolution
		HideSolutionNode = FALSE
	EndGlobalSection
	GlobalSection(ExtensibilityGlobals) = postSolution
		SolutionGuid = {853F9DEA-4AFC-49D6-A045-19621B157A74}
	EndGlobalSection
EndGlobal
